
Microsoft Visual Studio Solution File, Format Version 12.00
# Visual Studio Version 17
VisualStudioVersion = 17.11.35219.272
MinimumVisualStudioVersion = 10.0.40219.1
Project("{FAE04EC0-301F-11D3-BF4B-00C04F79EFBC}") = "MaduGlebTARpv23", "MaduGlebTARpv23.csproj", "{573BD637-7ED0-481B-AFE6-A4FA12124C8A}"
EndProject
Global
	GlobalSection(SolutionConfigurationPlatforms) = preSolution
		Debug|Any CPU = Debug|Any CPU
		Release|Any CPU = Release|Any CPU
	EndGlobalSection
	GlobalSection(ProjectConfigurationPlatforms) = postSolution
		{573BD637-7ED0-481B-AFE6-A4FA12124C8A}.Debug|Any CPU.ActiveCfg = Debug|Any CPU
		{573BD637-7ED0-481B-AFE6-A4FA12124C8A}.Debug|Any CPU.Build.0 = Debug|Any CPU
		{573BD637-7ED0-481B-AFE6-A4FA12124C8A}.Release|Any CPU.ActiveCfg = Release|Any CPU
		{573BD637-7ED0-481B-AFE6-A4FA12124C8A}.Release|Any CPU.Build.0 = Release|Any CPU
	EndGlobalSection
	GlobalSection(SolutionProperties) = preSolution
		HideSolutionNode = FALSE
	EndGlobalSection
	GlobalSection(ExtensibilityGlobals) = postSolution
		SolutionGuid = {4467A1EE-9B0A-4310-BDAD-B6D2EC55D893}
	EndGlobalSection
EndGlobal
